{
  "name": "secured-ai-support-agent-demo",
  "lockfileVersion": 3,
  "requires": true,
  "packages": {
    "": {
      "name": "secured-ai-support-agent-demo",
      "version": "0.1.0",
      "dependencies": {
        "next": "14.2.35",
        "react": "18.3.1",
        "axios": "1.7.9",
        "jsonwebtoken": "9.0.2"
      }
    },
    "node_modules/next": { "version": "14.2.35" },
    "node_modules/react": { "version": "18.3.1" },
    "node_modules/axios": { "version": "1.7.9" },
    "node_modules/jsonwebtoken": { "version": "9.0.2" }
  }
}
